
Microsoft Visual Studio Solution File, Format Version 12.00
# Visual Studio Version 16
VisualStudioVersion = 16.0.31515.178
MinimumVisualStudioVersion = 10.0.40219.1
Project("{FAE04EC0-301F-11D3-BF4B-00C04F79EFBC}") = "WOUI", "WOUI\WOUI.csproj", "{630662E8-E22E-414E-BAC6-C8072CA3472F}"
EndProject
Global
	GlobalSection(SolutionConfigurationPlatforms) = preSolution
		Debug|Any CPU = Debug|Any CPU
		Release|Any CPU = Release|Any CPU
	EndGlobalSection
	GlobalSection(ProjectConfigurationPlatforms) = postSolution
		{630662E8-E22E-414E-BAC6-C8072CA3472F}.Debug|Any CPU.ActiveCfg = Debug|Any CPU
		{630662E8-E22E-414E-BAC6-C8072CA3472F}.Debug|Any CPU.Build.0 = Debug|Any CPU
		{630662E8-E22E-414E-BAC6-C8072CA3472F}.Release|Any CPU.ActiveCfg = Release|Any CPU
		{630662E8-E22E-414E-BAC6-C8072CA3472F}.Release|Any CPU.Build.0 = Release|Any CPU
	EndGlobalSection
	GlobalSection(SolutionProperties) = preSolution
		HideSolutionNode = FALSE
	EndGlobalSection
	GlobalSection(ExtensibilityGlobals) = postSolution
		SolutionGuid = {302201F7-1FFA-42BB-B584-15D226074AF0}
	EndGlobalSection
EndGlobal
